
Microsoft Visual Studio Solution File, Format Version 12.00
# Visual Studio Version 17
VisualStudioVersion = 17.9.34723.18
MinimumVisualStudioVersion = 10.0.40219.1
Project("{9A19103F-16F7-4668-BE54-9A1E7A4F7556}") = "signalRBlazorServer", "signalRBlazorServer\signalRBlazorServer.csproj", "{903A1841-3DCA-4FCE-9860-7509D4889157}"
EndProject
Project("{FAE04EC0-301F-11D3-BF4B-00C04F79EFBC}") = "WPFSignalRClient", "WPFSignalRClient\WPFSignalRClient.csproj", "{407DA768-A51E-41E8-BF5D-AEB756CAD85D}"
EndProject
Global
	GlobalSection(SolutionConfigurationPlatforms) = preSolution
		Debug|Any CPU = Debug|Any CPU
		Release|Any CPU = Release|Any CPU
	EndGlobalSection
	GlobalSection(ProjectConfigurationPlatforms) = postSolution
		{903A1841-3DCA-4FCE-9860-7509D4889157}.Debug|Any CPU.ActiveCfg = Debug|Any CPU
		{903A1841-3DCA-4FCE-9860-7509D4889157}.Debug|Any CPU.Build.0 = Debug|Any CPU
		{903A1841-3DCA-4FCE-9860-7509D4889157}.Release|Any CPU.ActiveCfg = Release|Any CPU
		{903A1841-3DCA-4FCE-9860-7509D4889157}.Release|Any CPU.Build.0 = Release|Any CPU
		{407DA768-A51E-41E8-BF5D-AEB756CAD85D}.Debug|Any CPU.ActiveCfg = Debug|Any CPU
		{407DA768-A51E-41E8-BF5D-AEB756CAD85D}.Debug|Any CPU.Build.0 = Debug|Any CPU
		{407DA768-A51E-41E8-BF5D-AEB756CAD85D}.Release|Any CPU.ActiveCfg = Release|Any CPU
		{407DA768-A51E-41E8-BF5D-AEB756CAD85D}.Release|Any CPU.Build.0 = Release|Any CPU
	EndGlobalSection
	GlobalSection(SolutionProperties) = preSolution
		HideSolutionNode = FALSE
	EndGlobalSection
	GlobalSection(ExtensibilityGlobals) = postSolution
		SolutionGuid = {51A5D857-4579-4018-9DEC-620C919979B5}
	EndGlobalSection
EndGlobal
